
Microsoft Visual Studio Solution File, Format Version 12.00
# Visual Studio Version 16
VisualStudioVersion = 25.0.1706.3
MinimumVisualStudioVersion = 10.0.40219.1
Project("{FAE04EC0-301F-11D3-BF4B-00C04F79EFBC}") = "sqlChartsDemo", "sqlChartsDemo\sqlChartsDemo.csproj", "{61EE2A5C-68D9-4C55-B389-C71772C1FB03}"
EndProject
Project("{2150E333-8FDC-42A3-9474-1A3956D46DE8}") = "Solution Items", "Solution Items", "{FA1A0F40-A75D-4954-9F01-B79570C40071}"
	ProjectSection(SolutionItems) = preProject
		.editorconfig = .editorconfig
	EndProjectSection
EndProject
Global
	GlobalSection(SolutionConfigurationPlatforms) = preSolution
		Debug|Any CPU = Debug|Any CPU
		Release|Any CPU = Release|Any CPU
	EndGlobalSection
	GlobalSection(ProjectConfigurationPlatforms) = postSolution
		{61EE2A5C-68D9-4C55-B389-C71772C1FB03}.Debug|Any CPU.ActiveCfg = Debug|Any CPU
		{61EE2A5C-68D9-4C55-B389-C71772C1FB03}.Debug|Any CPU.Build.0 = Debug|Any CPU
		{61EE2A5C-68D9-4C55-B389-C71772C1FB03}.Release|Any CPU.ActiveCfg = Release|Any CPU
		{61EE2A5C-68D9-4C55-B389-C71772C1FB03}.Release|Any CPU.Build.0 = Release|Any CPU
	EndGlobalSection
	GlobalSection(SolutionProperties) = preSolution
		HideSolutionNode = FALSE
	EndGlobalSection
	GlobalSection(ExtensibilityGlobals) = postSolution
		SolutionGuid = {5FEF81F4-6A71-41FC-B6AA-9C0E65138341}
	EndGlobalSection
EndGlobal
